
Microsoft Visual Studio Solution File, Format Version 12.00
# Visual Studio Version 17
VisualStudioVersion = 17.8.34408.163
MinimumVisualStudioVersion = 10.0.40219.1
Project("{FAE04EC0-301F-11D3-BF4B-00C04F79EFBC}") = "ContactsManagement", "ContactsManagement\ContactsManagement.csproj", "{663A46E2-6968-4396-BD70-45431ED9941A}"
EndProject
Global
	GlobalSection(SolutionConfigurationPlatforms) = preSolution
		Debug|Any CPU = Debug|Any CPU
		Release|Any CPU = Release|Any CPU
	EndGlobalSection
	GlobalSection(ProjectConfigurationPlatforms) = postSolution
		{663A46E2-6968-4396-BD70-45431ED9941A}.Debug|Any CPU.ActiveCfg = Debug|Any CPU
		{663A46E2-6968-4396-BD70-45431ED9941A}.Debug|Any CPU.Build.0 = Debug|Any CPU
		{663A46E2-6968-4396-BD70-45431ED9941A}.Release|Any CPU.ActiveCfg = Release|Any CPU
		{663A46E2-6968-4396-BD70-45431ED9941A}.Release|Any CPU.Build.0 = Release|Any CPU
	EndGlobalSection
	GlobalSection(SolutionProperties) = preSolution
		HideSolutionNode = FALSE
	EndGlobalSection
	GlobalSection(ExtensibilityGlobals) = postSolution
		SolutionGuid = {B56C89E1-2167-4030-A236-657C1961CE6C}
	EndGlobalSection
EndGlobal
